
Microsoft Visual Studio Solution File, Format Version 12.00
# Visual Studio Version 17
VisualStudioVersion = 17.14.36414.22 d17.14
MinimumVisualStudioVersion = 10.0.40219.1
Project("{8BC9CEB8-8B4A-11D0-8D11-00A0C91BC942}") = "DGE", "DGE\DGE.vcxproj", "{BA136F79-DF08-4493-A5E3-77C4FAE99C83}"
EndProject
Global
	GlobalSection(SolutionConfigurationPlatforms) = preSolution
		Debug|x64 = Debug|x64
		Debug|x86 = Debug|x86
		Release|x64 = Release|x64
		Release|x86 = Release|x86
	EndGlobalSection
	GlobalSection(ProjectConfigurationPlatforms) = postSolution
		{BA136F79-DF08-4493-A5E3-77C4FAE99C83}.Debug|x64.ActiveCfg = Debug|x64
		{BA136F79-DF08-4493-A5E3-77C4FAE99C83}.Debug|x64.Build.0 = Debug|x64
		{BA136F79-DF08-4493-A5E3-77C4FAE99C83}.Debug|x86.ActiveCfg = Debug|Win32
		{BA136F79-DF08-4493-A5E3-77C4FAE99C83}.Debug|x86.Build.0 = Debug|Win32
		{BA136F79-DF08-4493-A5E3-77C4FAE99C83}.Release|x64.ActiveCfg = Release|x64
		{BA136F79-DF08-4493-A5E3-77C4FAE99C83}.Release|x64.Build.0 = Release|x64
		{BA136F79-DF08-4493-A5E3-77C4FAE99C83}.Release|x86.ActiveCfg = Release|Win32
		{BA136F79-DF08-4493-A5E3-77C4FAE99C83}.Release|x86.Build.0 = Release|Win32
	EndGlobalSection
	GlobalSection(SolutionProperties) = preSolution
		HideSolutionNode = FALSE
	EndGlobalSection
	GlobalSection(ExtensibilityGlobals) = postSolution
		SolutionGuid = {B0BB4D54-B8C0-40C9-BFB2-6E99FF4439CE}
	EndGlobalSection
EndGlobal
